// !$*UTF8*$!
{
	archiveVersion = 1;
	classes = {
	};
	objectVersion = 56;
	objects = {

/* Begin PBXBuildFile section */
		48627A8B29379EBA00F37BEB /* AppDelegate.swift in Sources */ = {isa = PBXBuildFile; fileRef = 48627A8A29379EBA00F37BEB /* AppDelegate.swift */; };
		48627A8D29379EBA00F37BEB /* SceneDelegate.swift in Sources */ = {isa = PBXBuildFile; fileRef = 48627A8C29379EBA00F37BEB /* SceneDelegate.swift */; };
		48627A8F29379EBA00F37BEB /* ViewController.swift in Sources */ = {isa = PBXBuildFile; fileRef = 48627A8E29379EBA00F37BEB /* ViewController.swift */; };
		48627A9229379EBA00F37BEB /* Main.storyboard in Resources */ = {isa = PBXBuildFile; fileRef = 48627A9029379EBA00F37BEB /* Main.storyboard */; };
		48627A9429379EBB00F37BEB /* Assets.xcassets in Resources */ = {isa = PBXBuildFile; fileRef = 48627A9329379EBB00F37BEB /* Assets.xcassets */; };
		48627A9729379EBB00F37BEB /* LaunchScreen.storyboard in Resources */ = {isa = PBXBuildFile; fileRef = 48627A9529379EBB00F37BEB /* LaunchScreen.storyboard */; };
		48627AA52937A6ED00F37BEB /* WidgetKit.framework in Frameworks */ = {isa = PBXBuildFile; fileRef = 48627AA42937A6ED00F37BEB /* WidgetKit.framework */; };
		48627AA72937A6ED00F37BEB /* SwiftUI.framework in Frameworks */ = {isa = PBXBuildFile; fileRef = 48627AA62937A6ED00F37BEB /* SwiftUI.framework */; };
		48627AAA2937A6ED00F37BEB /* MyWidgetBundle.swift in Sources */ = {isa = PBXBuildFile; fileRef = 48627AA92937A6ED00F37BEB /* MyWidgetBundle.swift */; };
		48627AAC2937A6ED00F37BEB /* MyWidgetLiveActivity.swift in Sources */ = {isa = PBXBuildFile; fileRef = 48627AAB2937A6ED00F37BEB /* MyWidgetLiveActivity.swift */; };
		48627AAE2937A6ED00F37BEB /* MyWidget.swift in Sources */ = {isa = PBXBuildFile; fileRef = 48627AAD2937A6ED00F37BEB /* MyWidget.swift */; };
		48627AB12937A6EE00F37BEB /* Assets.xcassets in Resources */ = {isa = PBXBuildFile; fileRef = 48627AB02937A6EE00F37BEB /* Assets.xcassets */; };
		48627AB32937A6EE00F37BEB /* MyWidget.intentdefinition in Sources */ = {isa = PBXBuildFile; fileRef = 48627AAF2937A6ED00F37BEB /* MyWidget.intentdefinition */; };
		48627AB42937A6EE00F37BEB /* MyWidget.intentdefinition in Sources */ = {isa = PBXBuildFile; fileRef = 48627AAF2937A6ED00F37BEB /* MyWidget.intentdefinition */; };
		48627AB72937A6EE00F37BEB /* MyWidgetExtension.appex in Embed Foundation Extensions */ = {isa = PBXBuildFile; fileRef = 48627AA22937A6ED00F37BEB /* MyWidgetExtension.appex */; settings = {ATTRIBUTES = (RemoveHeadersOnCopy, ); }; };
		4875F868293CF5B2003138A3 /* MyWidgetLiveActivity.swift in Sources */ = {isa = PBXBuildFile; fileRef = 48627AAB2937A6ED00F37BEB /* MyWidgetLiveActivity.swift */; };
		4875F895293D8F90003138A3 /* DataModule.h in Headers */ = {isa = PBXBuildFile; fileRef = 4875F894293D8F90003138A3 /* DataModule.h */; settings = {ATTRIBUTES = (Public, ); }; };
		4875F898293D8F90003138A3 /* DataModule.framework in Frameworks */ = {isa = PBXBuildFile; fileRef = 4875F892293D8F90003138A3 /* DataModule.framework */; };
		4875F899293D8F90003138A3 /* DataModule.framework in Embed Frameworks */ = {isa = PBXBuildFile; fileRef = 4875F892293D8F90003138A3 /* DataModule.framework */; settings = {ATTRIBUTES = (CodeSignOnCopy, RemoveHeadersOnCopy, ); }; };
		4875F89E293D8FA7003138A3 /* LiveActivity.swift in Sources */ = {isa = PBXBuildFile; fileRef = 4875F87A293CF6B0003138A3 /* LiveActivity.swift */; };
		4875F8A3293DAD1C003138A3 /* ImageCroppingKit in Frameworks */ = {isa = PBXBuildFile; productRef = 4875F8A2293DAD1C003138A3 /* ImageCroppingKit */; };
/* End PBXBuildFile section */

/* Begin PBXContainerItemProxy section */
		48627AB52937A6EE00F37BEB /* PBXContainerItemProxy */ = {
			isa = PBXContainerItemProxy;
			containerPortal = 48627A7F29379EBA00F37BEB /* Project object */;
			proxyType = 1;
			remoteGlobalIDString = 48627AA12937A6ED00F37BEB;
			remoteInfo = MyWidgetExtension;
		};
		4875F896293D8F90003138A3 /* PBXContainerItemProxy */ = {
			isa = PBXContainerItemProxy;
			containerPortal = 48627A7F29379EBA00F37BEB /* Project object */;
			proxyType = 1;
			remoteGlobalIDString = 4875F891293D8F90003138A3;
			remoteInfo = DataModule;
		};
/* End PBXContainerItemProxy section */

/* Begin PBXCopyFilesBuildPhase section */
		48627ABB2937A6EE00F37BEB /* Embed Foundation Extensions */ = {
			isa = PBXCopyFilesBuildPhase;
			buildActionMask = 2147483647;
			dstPath = "";
			dstSubfolderSpec = 13;
			files = (
				48627AB72937A6EE00F37BEB /* MyWidgetExtension.appex in Embed Foundation Extensions */,
			);
			name = "Embed Foundation Extensions";
			runOnlyForDeploymentPostprocessing = 0;
		};
		4875F89D293D8F90003138A3 /* Embed Frameworks */ = {
			isa = PBXCopyFilesBuildPhase;
			buildActionMask = 2147483647;
			dstPath = "";
			dstSubfolderSpec = 10;
			files = (
				4875F899293D8F90003138A3 /* DataModule.framework in Embed Frameworks */,
			);
			name = "Embed Frameworks";
			runOnlyForDeploymentPostprocessing = 0;
		};
/* End PBXCopyFilesBuildPhase section */

/* Begin PBXFileReference section */
		48627A8729379EBA00F37BEB /* ActivityKitExample.app */ = {isa = PBXFileReference; explicitFileType = wrapper.application; includeInIndex = 0; path = ActivityKitExample.app; sourceTree = BUILT_PRODUCTS_DIR; };
		48627A8A29379EBA00F37BEB /* AppDelegate.swift */ = {isa = PBXFileReference; lastKnownFileType = sourcecode.swift; path = AppDelegate.swift; sourceTree = "<group>"; };
		48627A8C29379EBA00F37BEB /* SceneDelegate.swift */ = {isa = PBXFileReference; lastKnownFileType = sourcecode.swift; path = SceneDelegate.swift; sourceTree = "<group>"; };
		48627A8E29379EBA00F37BEB /* ViewController.swift */ = {isa = PBXFileReference; lastKnownFileType = sourcecode.swift; path = ViewController.swift; sourceTree = "<group>"; };
		48627A9129379EBA00F37BEB /* Base */ = {isa = PBXFileReference; lastKnownFileType = file.storyboard; name = Base; path = Base.lproj/Main.storyboard; sourceTree = "<group>"; };
		48627A9329379EBB00F37BEB /* Assets.xcassets */ = {isa = PBXFileReference; lastKnownFileType = folder.assetcatalog; path = Assets.xcassets; sourceTree = "<group>"; };
		48627A9629379EBB00F37BEB /* Base */ = {isa = PBXFileReference; lastKnownFileType = file.storyboard; name = Base; path = Base.lproj/LaunchScreen.storyboard; sourceTree = "<group>"; };
		48627A9829379EBB00F37BEB /* Info.plist */ = {isa = PBXFileReference; lastKnownFileType = text.plist.xml; path = Info.plist; sourceTree = "<group>"; };
		48627AA22937A6ED00F37BEB /* MyWidgetExtension.appex */ = {isa = PBXFileReference; explicitFileType = "wrapper.app-extension"; includeInIndex = 0; path = MyWidgetExtension.appex; sourceTree = BUILT_PRODUCTS_DIR; };
		48627AA42937A6ED00F37BEB /* WidgetKit.framework */ = {isa = PBXFileReference; lastKnownFileType = wrapper.framework; name = WidgetKit.framework; path = System/Library/Frameworks/WidgetKit.framework; sourceTree = SDKROOT; };
		48627AA62937A6ED00F37BEB /* SwiftUI.framework */ = {isa = PBXFileReference; lastKnownFileType = wrapper.framework; name = SwiftUI.framework; path = System/Library/Frameworks/SwiftUI.framework; sourceTree = SDKROOT; };
		48627AA92937A6ED00F37BEB /* MyWidgetBundle.swift */ = {isa = PBXFileReference; lastKnownFileType = sourcecode.swift; path = MyWidgetBundle.swift; sourceTree = "<group>"; };
		48627AAB2937A6ED00F37BEB /* MyWidgetLiveActivity.swift */ = {isa = PBXFileReference; lastKnownFileType = sourcecode.swift; path = MyWidgetLiveActivity.swift; sourceTree = "<group>"; };
		48627AAD2937A6ED00F37BEB /* MyWidget.swift */ = {isa = PBXFileReference; lastKnownFileType = sourcecode.swift; path = MyWidget.swift; sourceTree = "<group>"; };
		48627AAF2937A6ED00F37BEB /* MyWidget.intentdefinition */ = {isa = PBXFileReference; lastKnownFileType = file.intentdefinition; path = MyWidget.intentdefinition; sourceTree = "<group>"; };
		48627AB02937A6EE00F37BEB /* Assets.xcassets */ = {isa = PBXFileReference; lastKnownFileType = folder.assetcatalog; path = Assets.xcassets; sourceTree = "<group>"; };
		48627AB22937A6EE00F37BEB /* Info.plist */ = {isa = PBXFileReference; lastKnownFileType = text.plist.xml; path = Info.plist; sourceTree = "<group>"; };
		4875F87A293CF6B0003138A3 /* LiveActivity.swift */ = {isa = PBXFileReference; lastKnownFileType = sourcecode.swift; path = LiveActivity.swift; sourceTree = "<group>"; };
		4875F892293D8F90003138A3 /* DataModule.framework */ = {isa = PBXFileReference; explicitFileType = wrapper.framework; includeInIndex = 0; path = DataModule.framework; sourceTree = BUILT_PRODUCTS_DIR; };
		4875F894293D8F90003138A3 /* DataModule.h */ = {isa = PBXFileReference; lastKnownFileType = sourcecode.c.h; path = DataModule.h; sourceTree = "<group>"; };
		4875F89F293D98DA003138A3 /* ActivityKitExample.entitlements */ = {isa = PBXFileReference; lastKnownFileType = text.plist.entitlements; path = ActivityKitExample.entitlements; sourceTree = "<group>"; };
		4875F8A0293D992B003138A3 /* MyWidgetExtension.entitlements */ = {isa = PBXFileReference; lastKnownFileType = text.plist.entitlements; path = MyWidgetExtension.entitlements; sourceTree = "<group>"; };
/* End PBXFileReference section */

/* Begin PBXFrameworksBuildPhase section */
		48627A8429379EBA00F37BEB /* Frameworks */ = {
			isa = PBXFrameworksBuildPhase;
			buildActionMask = 2147483647;
			files = (
				4875F898293D8F90003138A3 /* DataModule.framework in Frameworks */,
				4875F8A3293DAD1C003138A3 /* ImageCroppingKit in Frameworks */,
			);
			runOnlyForDeploymentPostprocessing = 0;
		};
		48627A9F2937A6ED00F37BEB /* Frameworks */ = {
			isa = PBXFrameworksBuildPhase;
			buildActionMask = 2147483647;
			files = (
				48627AA72937A6ED00F37BEB /* SwiftUI.framework in Frameworks */,
				48627AA52937A6ED00F37BEB /* WidgetKit.framework in Frameworks */,
			);
			runOnlyForDeploymentPostprocessing = 0;
		};
		4875F88F293D8F90003138A3 /* Frameworks */ = {
			isa = PBXFrameworksBuildPhase;
			buildActionMask = 2147483647;
			files = (
			);
			runOnlyForDeploymentPostprocessing = 0;
		};
/* End PBXFrameworksBuildPhase section */

/* Begin PBXGroup section */
		48627A7E29379EBA00F37BEB = {
			isa = PBXGroup;
			children = (
				4875F8A0293D992B003138A3 /* MyWidgetExtension.entitlements */,
				48627A8929379EBA00F37BEB /* ActivityKitExample */,
				48627AA82937A6ED00F37BEB /* MyWidget */,
				4875F893293D8F90003138A3 /* DataModule */,
				48627AA32937A6ED00F37BEB /* Frameworks */,
				48627A8829379EBA00F37BEB /* Products */,
			);
			sourceTree = "<group>";
		};
		48627A8829379EBA00F37BEB /* Products */ = {
			isa = PBXGroup;
			children = (
				48627A8729379EBA00F37BEB /* ActivityKitExample.app */,
				48627AA22937A6ED00F37BEB /* MyWidgetExtension.appex */,
				4875F892293D8F90003138A3 /* DataModule.framework */,
			);
			name = Products;
			sourceTree = "<group>";
		};
		48627A8929379EBA00F37BEB /* ActivityKitExample */ = {
			isa = PBXGroup;
			children = (
				4875F89F293D98DA003138A3 /* ActivityKitExample.entitlements */,
				48627A8A29379EBA00F37BEB /* AppDelegate.swift */,
				48627A8C29379EBA00F37BEB /* SceneDelegate.swift */,
				48627A8E29379EBA00F37BEB /* ViewController.swift */,
				48627A9029379EBA00F37BEB /* Main.storyboard */,
				48627A9329379EBB00F37BEB /* Assets.xcassets */,
				48627A9529379EBB00F37BEB /* LaunchScreen.storyboard */,
				48627A9829379EBB00F37BEB /* Info.plist */,
			);
			path = ActivityKitExample;
			sourceTree = "<group>";
		};
		48627AA32937A6ED00F37BEB /* Frameworks */ = {
			isa = PBXGroup;
			children = (
				48627AA42937A6ED00F37BEB /* WidgetKit.framework */,
				48627AA62937A6ED00F37BEB /* SwiftUI.framework */,
			);
			name = Frameworks;
			sourceTree = "<group>";
		};
		48627AA82937A6ED00F37BEB /* MyWidget */ = {
			isa = PBXGroup;
			children = (
				48627AA92937A6ED00F37BEB /* MyWidgetBundle.swift */,
				48627AAB2937A6ED00F37BEB /* MyWidgetLiveActivity.swift */,
				48627AAD2937A6ED00F37BEB /* MyWidget.swift */,
				48627AAF2937A6ED00F37BEB /* MyWidget.intentdefinition */,
				48627AB02937A6EE00F37BEB /* Assets.xcassets */,
				48627AB22937A6EE00F37BEB /* Info.plist */,
			);
			path = MyWidget;
			sourceTree = "<group>";
		};
		4875F893293D8F90003138A3 /* DataModule */ = {
			isa = PBXGroup;
			children = (
				4875F87A293CF6B0003138A3 /* LiveActivity.swift */,
				4875F894293D8F90003138A3 /* DataModule.h */,
			);
			path = DataModule;
			sourceTree = "<group>";
		};
/* End PBXGroup section */

/* Begin PBXHeadersBuildPhase section */
		4875F88D293D8F90003138A3 /* Headers */ = {
			isa = PBXHeadersBuildPhase;
			buildActionMask = 2147483647;
			files = (
				4875F895293D8F90003138A3 /* DataModule.h in Headers */,
			);
			runOnlyForDeploymentPostprocessing = 0;
		};
/* End PBXHeadersBuildPhase section */

/* Begin PBXNativeTarget section */
		48627A8629379EBA00F37BEB /* ActivityKitExample */ = {
			isa = PBXNativeTarget;
			buildConfigurationList = 48627A9B29379EBB00F37BEB /* Build configuration list for PBXNativeTarget "ActivityKitExample" */;
			buildPhases = (
				48627A8329379EBA00F37BEB /* Sources */,
				48627A8429379EBA00F37BEB /* Frameworks */,
				48627A8529379EBA00F37BEB /* Resources */,
				48627ABB2937A6EE00F37BEB /* Embed Foundation Extensions */,
				4875F89D293D8F90003138A3 /* Embed Frameworks */,
			);
			buildRules = (
			);
			dependencies = (
				48627AB62937A6EE00F37BEB /* PBXTargetDependency */,
				4875F897293D8F90003138A3 /* PBXTargetDependency */,
			);
			name = ActivityKitExample;
			packageProductDependencies = (
				4875F8A2293DAD1C003138A3 /* ImageCroppingKit */,
			);
			productName = ActivityKitExample;
			productReference = 48627A8729379EBA00F37BEB /* ActivityKitExample.app */;
			productType = "com.apple.product-type.application";
		};
		48627AA12937A6ED00F37BEB /* MyWidgetExtension */ = {
			isa = PBXNativeTarget;
			buildConfigurationList = 48627AB82937A6EE00F37BEB /* Build configuration list for PBXNativeTarget "MyWidgetExtension" */;
			buildPhases = (
				48627A9E2937A6ED00F37BEB /* Sources */,
				48627A9F2937A6ED00F37BEB /* Frameworks */,
				48627AA02937A6ED00F37BEB /* Resources */,
			);
			buildRules = (
			);
			dependencies = (
			);
			name = MyWidgetExtension;
			productName = MyWidgetExtension;
			productReference = 48627AA22937A6ED00F37BEB /* MyWidgetExtension.appex */;
			productType = "com.apple.product-type.app-extension";
		};
		4875F891293D8F90003138A3 /* DataModule */ = {
			isa = PBXNativeTarget;
			buildConfigurationList = 4875F89A293D8F90003138A3 /* Build configuration list for PBXNativeTarget "DataModule" */;
			buildPhases = (
				4875F88D293D8F90003138A3 /* Headers */,
				4875F88E293D8F90003138A3 /* Sources */,
				4875F88F293D8F90003138A3 /* Frameworks */,
				4875F890293D8F90003138A3 /* Resources */,
			);
			buildRules = (
			);
			dependencies = (
			);
			name = DataModule;
			productName = DataModule;
			productReference = 4875F892293D8F90003138A3 /* DataModule.framework */;
			productType = "com.apple.product-type.framework";
		};
/* End PBXNativeTarget section */

/* Begin PBXProject section */
		48627A7F29379EBA00F37BEB /* Project object */ = {
			isa = PBXProject;
			attributes = {
				BuildIndependentTargetsInParallel = 1;
				LastSwiftUpdateCheck = 1410;
				LastUpgradeCheck = 1410;
				TargetAttributes = {
					48627A8629379EBA00F37BEB = {
						CreatedOnToolsVersion = 14.1;
					};
					48627AA12937A6ED00F37BEB = {
						CreatedOnToolsVersion = 14.1;
					};
					4875F891293D8F90003138A3 = {
						CreatedOnToolsVersion = 14.1;
					};
				};
			};
			buildConfigurationList = 48627A8229379EBA00F37BEB /* Build configuration list for PBXProject "ActivityKitExample" */;
			compatibilityVersion = "Xcode 14.0";
			developmentRegion = en;
			hasScannedForEncodings = 0;
			knownRegions = (
				en,
				Base,
			);
			mainGroup = 48627A7E29379EBA00F37BEB;
			packageReferences = (
				4875F8A1293DAD1C003138A3 /* XCRemoteSwiftPackageReference "ImageCroppingKit" */,
			);
			productRefGroup = 48627A8829379EBA00F37BEB /* Products */;
			projectDirPath = "";
			projectRoot = "";
			targets = (
				48627A8629379EBA00F37BEB /* ActivityKitExample */,
				48627AA12937A6ED00F37BEB /* MyWidgetExtension */,
				4875F891293D8F90003138A3 /* DataModule */,
			);
		};
/* End PBXProject section */

/* Begin PBXResourcesBuildPhase section */
		48627A8529379EBA00F37BEB /* Resources */ = {
			isa = PBXResourcesBuildPhase;
			buildActionMask = 2147483647;
			files = (
				48627A9729379EBB00F37BEB /* LaunchScreen.storyboard in Resources */,
				48627A9429379EBB00F37BEB /* Assets.xcassets in Resources */,
				48627A9229379EBA00F37BEB /* Main.storyboard in Resources */,
			);
			runOnlyForDeploymentPostprocessing = 0;
		};
		48627AA02937A6ED00F37BEB /* Resources */ = {
			isa = PBXResourcesBuildPhase;
			buildActionMask = 2147483647;
			files = (
				48627AB12937A6EE00F37BEB /* Assets.xcassets in Resources */,
			);
			runOnlyForDeploymentPostprocessing = 0;
		};
		4875F890293D8F90003138A3 /* Resources */ = {
			isa = PBXResourcesBuildPhase;
			buildActionMask = 2147483647;
			files = (
			);
			runOnlyForDeploymentPostprocessing = 0;
		};
/* End PBXResourcesBuildPhase section */

/* Begin PBXSourcesBuildPhase section */
		48627A8329379EBA00F37BEB /* Sources */ = {
			isa = PBXSourcesBuildPhase;
			buildActionMask = 2147483647;
			files = (
				48627AB42937A6EE00F37BEB /* MyWidget.intentdefinition in Sources */,
				48627A8F29379EBA00F37BEB /* ViewController.swift in Sources */,
				48627A8B29379EBA00F37BEB /* AppDelegate.swift in Sources */,
				48627A8D29379EBA00F37BEB /* SceneDelegate.swift in Sources */,
				4875F868293CF5B2003138A3 /* MyWidgetLiveActivity.swift in Sources */,
			);
			runOnlyForDeploymentPostprocessing = 0;
		};
		48627A9E2937A6ED00F37BEB /* Sources */ = {
			isa = PBXSourcesBuildPhase;
			buildActionMask = 2147483647;
			files = (
				48627AB32937A6EE00F37BEB /* MyWidget.intentdefinition in Sources */,
				48627AAC2937A6ED00F37BEB /* MyWidgetLiveActivity.swift in Sources */,
				48627AAA2937A6ED00F37BEB /* MyWidgetBundle.swift in Sources */,
				48627AAE2937A6ED00F37BEB /* MyWidget.swift in Sources */,
			);
			runOnlyForDeploymentPostprocessing = 0;
		};
		4875F88E293D8F90003138A3 /* Sources */ = {
			isa = PBXSourcesBuildPhase;
			buildActionMask = 2147483647;
			files = (
				4875F89E293D8FA7003138A3 /* LiveActivity.swift in Sources */,
			);
			runOnlyForDeploymentPostprocessing = 0;
		};
/* End PBXSourcesBuildPhase section */

/* Begin PBXTargetDependency section */
		48627AB62937A6EE00F37BEB /* PBXTargetDependency */ = {
			isa = PBXTargetDependency;
			target = 48627AA12937A6ED00F37BEB /* MyWidgetExtension */;
			targetProxy = 48627AB52937A6EE00F37BEB /* PBXContainerItemProxy */;
		};
		4875F897293D8F90003138A3 /* PBXTargetDependency */ = {
			isa = PBXTargetDependency;
			target = 4875F891293D8F90003138A3 /* DataModule */;
			targetProxy = 4875F896293D8F90003138A3 /* PBXContainerItemProxy */;
		};
/* End PBXTargetDependency section */

/* Begin PBXVariantGroup section */
		48627A9029379EBA00F37BEB /* Main.storyboard */ = {
			isa = PBXVariantGroup;
			children = (
				48627A9129379EBA00F37BEB /* Base */,
			);
			name = Main.storyboard;
			sourceTree = "<group>";
		};
		48627A9529379EBB00F37BEB /* LaunchScreen.storyboard */ = {
			isa = PBXVariantGroup;
			children = (
				48627A9629379EBB00F37BEB /* Base */,
			);
			name = LaunchScreen.storyboard;
			sourceTree = "<group>";
		};
/* End PBXVariantGroup section */

/* Begin XCBuildConfiguration section */
		48627A9929379EBB00F37BEB /* Debug */ = {
			isa = XCBuildConfiguration;
			buildSettings = {
				ALWAYS_SEARCH_USER_PATHS = NO;
				CLANG_ANALYZER_NONNULL = YES;
				CLANG_ANALYZER_NUMBER_OBJECT_CONVERSION = YES_AGGRESSIVE;
				CLANG_CXX_LANGUAGE_STANDARD = "gnu++20";
				CLANG_ENABLE_MODULES = YES;
				CLANG_ENABLE_OBJC_ARC = YES;
				CLANG_ENABLE_OBJC_WEAK = YES;
				CLANG_WARN_BLOCK_CAPTURE_AUTORELEASING = YES;
				CLANG_WARN_BOOL_CONVERSION = YES;
				CLANG_WARN_COMMA = YES;
				CLANG_WARN_CONSTANT_CONVERSION = YES;
				CLANG_WARN_DEPRECATED_OBJC_IMPLEMENTATIONS = YES;
				CLANG_WARN_DIRECT_OBJC_ISA_USAGE = YES_ERROR;
				CLANG_WARN_DOCUMENTATION_COMMENTS = YES;
				CLANG_WARN_EMPTY_BODY = YES;
				CLANG_WARN_ENUM_CONVERSION = YES;
				CLANG_WARN_INFINITE_RECURSION = YES;
				CLANG_WARN_INT_CONVERSION = YES;
				CLANG_WARN_NON_LITERAL_NULL_CONVERSION = YES;
				CLANG_WARN_OBJC_IMPLICIT_RETAIN_SELF = YES;
				CLANG_WARN_OBJC_LITERAL_CONVERSION = YES;
				CLANG_WARN_OBJC_ROOT_CLASS = YES_ERROR;
				CLANG_WARN_QUOTED_INCLUDE_IN_FRAMEWORK_HEADER = YES;
				CLANG_WARN_RANGE_LOOP_ANALYSIS = YES;
				CLANG_WARN_STRICT_PROTOTYPES = YES;
				CLANG_WARN_SUSPICIOUS_MOVE = YES;
				CLANG_WARN_UNGUARDED_AVAILABILITY = YES_AGGRESSIVE;
				CLANG_WARN_UNREACHABLE_CODE = YES;
				CLANG_WARN__DUPLICATE_METHOD_MATCH = YES;
				COPY_PHASE_STRIP = NO;
				DEBUG_INFORMATION_FORMAT = dwarf;
				ENABLE_STRICT_OBJC_MSGSEND = YES;
				ENABLE_TESTABILITY = YES;
				GCC_C_LANGUAGE_STANDARD = gnu11;
				GCC_DYNAMIC_NO_PIC = NO;
				GCC_NO_COMMON_BLOCKS = YES;
				GCC_OPTIMIZATION_LEVEL = 0;
				GCC_PREPROCESSOR_DEFINITIONS = (
					"DEBUG=1",
					"$(inherited)",
				);
				GCC_WARN_64_TO_32_BIT_CONVERSION = YES;
				GCC_WARN_ABOUT_RETURN_TYPE = YES_ERROR;
				GCC_WARN_UNDECLARED_SELECTOR = YES;
				GCC_WARN_UNINITIALIZED_AUTOS = YES_AGGRESSIVE;
				GCC_WARN_UNUSED_FUNCTION = YES;
				GCC_WARN_UNUSED_VARIABLE = YES;
				IPHONEOS_DEPLOYMENT_TARGET = 16.1;
				MTL_ENABLE_DEBUG_INFO = INCLUDE_SOURCE;
				MTL_FAST_MATH = YES;
				ONLY_ACTIVE_ARCH = YES;
				SDKROOT = iphoneos;
				SWIFT_ACTIVE_COMPILATION_CONDITIONS = DEBUG;
				SWIFT_OPTIMIZATION_LEVEL = "-Onone";
			};
			name = Debug;
		};
		48627A9A29379EBB00F37BEB /* Release */ = {
			isa = XCBuildConfiguration;
			buildSettings = {
				ALWAYS_SEARCH_USER_PATHS = NO;
				CLANG_ANALYZER_NONNULL = YES;
				CLANG_ANALYZER_NUMBER_OBJECT_CONVERSION = YES_AGGRESSIVE;
				CLANG_CXX_LANGUAGE_STANDARD = "gnu++20";
				CLANG_ENABLE_MODULES = YES;
				CLANG_ENABLE_OBJC_ARC = YES;
				CLANG_ENABLE_OBJC_WEAK = YES;
				CLANG_WARN_BLOCK_CAPTURE_AUTORELEASING = YES;
				CLANG_WARN_BOOL_CONVERSION = YES;
				CLANG_WARN_COMMA = YES;
				CLANG_WARN_CONSTANT_CONVERSION = YES;
				CLANG_WARN_DEPRECATED_OBJC_IMPLEMENTATIONS = YES;
				CLANG_WARN_DIRECT_OBJC_ISA_USAGE = YES_ERROR;
				CLANG_WARN_DOCUMENTATION_COMMENTS = YES;
				CLANG_WARN_EMPTY_BODY = YES;
				CLANG_WARN_ENUM_CONVERSION = YES;
				CLANG_WARN_INFINITE_RECURSION = YES;
				CLANG_WARN_INT_CONVERSION = YES;
				CLANG_WARN_NON_LITERAL_NULL_CONVERSION = YES;
				CLANG_WARN_OBJC_IMPLICIT_RETAIN_SELF = YES;
				CLANG_WARN_OBJC_LITERAL_CONVERSION = YES;
				CLANG_WARN_OBJC_ROOT_CLASS = YES_ERROR;
				CLANG_WARN_QUOTED_INCLUDE_IN_FRAMEWORK_HEADER = YES;
				CLANG_WARN_RANGE_LOOP_ANALYSIS = YES;
				CLANG_WARN_STRICT_PROTOTYPES = YES;
				CLANG_WARN_SUSPICIOUS_MOVE = YES;
				CLANG_WARN_UNGUARDED_AVAILABILITY = YES_AGGRESSIVE;
				CLANG_WARN_UNREACHABLE_CODE = YES;
				CLANG_WARN__DUPLICATE_METHOD_MATCH = YES;
				COPY_PHASE_STRIP = NO;
				DEBUG_INFORMATION_FORMAT = "dwarf-with-dsym";
				ENABLE_NS_ASSERTIONS = NO;
				ENABLE_STRICT_OBJC_MSGSEND = YES;
				GCC_C_LANGUAGE_STANDARD = gnu11;
				GCC_NO_COMMON_BLOCKS = YES;
				GCC_WARN_64_TO_32_BIT_CONVERSION = YES;
				GCC_WARN_ABOUT_RETURN_TYPE = YES_ERROR;
				GCC_WARN_UNDECLARED_SELECTOR = YES;
				GCC_WARN_UNINITIALIZED_AUTOS = YES_AGGRESSIVE;
				GCC_WARN_UNUSED_FUNCTION = YES;
				GCC_WARN_UNUSED_VARIABLE = YES;
				IPHONEOS_DEPLOYMENT_TARGET = 16.1;
				MTL_ENABLE_DEBUG_INFO = NO;
				MTL_FAST_MATH = YES;
				SDKROOT = iphoneos;
				SWIFT_COMPILATION_MODE = wholemodule;
				SWIFT_OPTIMIZATION_LEVEL = "-O";
				VALIDATE_PRODUCT = YES;
			};
			name = Release;
		};
		48627A9C29379EBB00F37BEB /* Debug */ = {
			isa = XCBuildConfiguration;
			buildSettings = {
				ALWAYS_EMBED_SWIFT_STANDARD_LIBRARIES = YES;
				ASSETCATALOG_COMPILER_APPICON_NAME = AppIcon;
				ASSETCATALOG_COMPILER_GLOBAL_ACCENT_COLOR_NAME = AccentColor;
				CODE_SIGN_ENTITLEMENTS = ActivityKitExample/ActivityKitExample.entitlements;
				CODE_SIGN_STYLE = Automatic;
				CURRENT_PROJECT_VERSION = 1;
				DEVELOPMENT_TEAM = 67NJZVUMG3;
				GENERATE_INFOPLIST_FILE = YES;
				INFOPLIST_FILE = ActivityKitExample/Info.plist;
				INFOPLIST_KEY_UIApplicationSupportsIndirectInputEvents = YES;
				INFOPLIST_KEY_UILaunchStoryboardName = LaunchScreen;
				INFOPLIST_KEY_UIMainStoryboardFile = Main;
				INFOPLIST_KEY_UISupportedInterfaceOrientations_iPad = "UIInterfaceOrientationPortrait UIInterfaceOrientationPortraitUpsideDown UIInterfaceOrientationLandscapeLeft UIInterfaceOrientationLandscapeRight";
				INFOPLIST_KEY_UISupportedInterfaceOrientations_iPhone = "UIInterfaceOrientationPortrait UIInterfaceOrientationLandscapeLeft UIInterfaceOrientationLandscapeRight";
				LD_RUNPATH_SEARCH_PATHS = (
					"$(inherited)",
					"@executable_path/Frameworks",
				);
				MARKETING_VERSION = 1.0;
				ONLY_ACTIVE_ARCH = YES;
				PRODUCT_BUNDLE_IDENTIFIER = "me.toshi-sv.ActivityKitExample";
				PRODUCT_NAME = "$(TARGET_NAME)";
				SUPPORTED_PLATFORMS = "iphoneos iphonesimulator";
				SUPPORTS_MACCATALYST = NO;
				SUPPORTS_MAC_DESIGNED_FOR_IPHONE_IPAD = NO;
				SWIFT_EMIT_LOC_STRINGS = YES;
				SWIFT_VERSION = 5.0;
				TARGETED_DEVICE_FAMILY = 1;
			};
			name = Debug;
		};
		48627A9D29379EBB00F37BEB /* Release */ = {
			isa = XCBuildConfiguration;
			buildSettings = {
				ALWAYS_EMBED_SWIFT_STANDARD_LIBRARIES = YES;
				ASSETCATALOG_COMPILER_APPICON_NAME = AppIcon;
				ASSETCATALOG_COMPILER_GLOBAL_ACCENT_COLOR_NAME = AccentColor;
				CODE_SIGN_ENTITLEMENTS = ActivityKitExample/ActivityKitExample.entitlements;
				CODE_SIGN_STYLE = Automatic;
				CURRENT_PROJECT_VERSION = 1;
				DEVELOPMENT_TEAM = 67NJZVUMG3;
				GENERATE_INFOPLIST_FILE = YES;
				INFOPLIST_FILE = ActivityKitExample/Info.plist;
				INFOPLIST_KEY_UIApplicationSupportsIndirectInputEvents = YES;
				INFOPLIST_KEY_UILaunchStoryboardName = LaunchScreen;
				INFOPLIST_KEY_UIMainStoryboardFile = Main;
				INFOPLIST_KEY_UISupportedInterfaceOrientations_iPad = "UIInterfaceOrientationPortrait UIInterfaceOrientationPortraitUpsideDown UIInterfaceOrientationLandscapeLeft UIInterfaceOrientationLandscapeRight";
				INFOPLIST_KEY_UISupportedInterfaceOrientations_iPhone = "UIInterfaceOrientationPortrait UIInterfaceOrientationLandscapeLeft UIInterfaceOrientationLandscapeRight";
				LD_RUNPATH_SEARCH_PATHS = (
					"$(inherited)",
					"@executable_path/Frameworks",
				);
				MARKETING_VERSION = 1.0;
				PRODUCT_BUNDLE_IDENTIFIER = "me.toshi-sv.ActivityKitExample";
				PRODUCT_NAME = "$(TARGET_NAME)";
				SUPPORTED_PLATFORMS = "iphoneos iphonesimulator";
				SUPPORTS_MACCATALYST = NO;
				SUPPORTS_MAC_DESIGNED_FOR_IPHONE_IPAD = NO;
				SWIFT_EMIT_LOC_STRINGS = YES;
				SWIFT_VERSION = 5.0;
				TARGETED_DEVICE_FAMILY = 1;
			};
			name = Release;
		};
		48627AB92937A6EE00F37BEB /* Debug */ = {
			isa = XCBuildConfiguration;
			buildSettings = {
				ASSETCATALOG_COMPILER_GLOBAL_ACCENT_COLOR_NAME = AccentColor;
				ASSETCATALOG_COMPILER_WIDGET_BACKGROUND_COLOR_NAME = WidgetBackground;
				CODE_SIGN_ENTITLEMENTS = MyWidgetExtension.entitlements;
				CODE_SIGN_STYLE = Automatic;
				CURRENT_PROJECT_VERSION = 1;
				DEVELOPMENT_TEAM = 67NJZVUMG3;
				GENERATE_INFOPLIST_FILE = YES;
				INFOPLIST_FILE = MyWidget/Info.plist;
				INFOPLIST_KEY_CFBundleDisplayName = MyWidget;
				INFOPLIST_KEY_NSHumanReadableCopyright = "";
				LD_RUNPATH_SEARCH_PATHS = (
					"$(inherited)",
					"@executable_path/Frameworks",
					"@executable_path/../../Frameworks",
				);
				MARKETING_VERSION = 1.0;
				ONLY_ACTIVE_ARCH = YES;
				PRODUCT_BUNDLE_IDENTIFIER = "me.toshi-sv.ActivityKitExample.MyWidget";
				PRODUCT_NAME = "$(TARGET_NAME)";
				SKIP_INSTALL = YES;
				SWIFT_EMIT_LOC_STRINGS = YES;
				SWIFT_VERSION = 5.0;
				TARGETED_DEVICE_FAMILY = 1;
			};
			name = Debug;
		};
		48627ABA2937A6EE00F37BEB /* Release */ = {
			isa = XCBuildConfiguration;
			buildSettings = {
				ASSETCATALOG_COMPILER_GLOBAL_ACCENT_COLOR_NAME = AccentColor;
				ASSETCATALOG_COMPILER_WIDGET_BACKGROUND_COLOR_NAME = WidgetBackground;
				CODE_SIGN_ENTITLEMENTS = MyWidgetExtension.entitlements;
				CODE_SIGN_STYLE = Automatic;
				CURRENT_PROJECT_VERSION = 1;
				DEVELOPMENT_TEAM = 67NJZVUMG3;
				GENERATE_INFOPLIST_FILE = YES;
				INFOPLIST_FILE = MyWidget/Info.plist;
				INFOPLIST_KEY_CFBundleDisplayName = MyWidget;
				INFOPLIST_KEY_NSHumanReadableCopyright = "";
				LD_RUNPATH_SEARCH_PATHS = (
					"$(inherited)",
					"@executable_path/Frameworks",
					"@executable_path/../../Frameworks",
				);
				MARKETING_VERSION = 1.0;
				PRODUCT_BUNDLE_IDENTIFIER = "me.toshi-sv.ActivityKitExample.MyWidget";
				PRODUCT_NAME = "$(TARGET_NAME)";
				SKIP_INSTALL = YES;
				SWIFT_EMIT_LOC_STRINGS = YES;
				SWIFT_VERSION = 5.0;
				TARGETED_DEVICE_FAMILY = 1;
			};
			name = Release;
		};
		4875F89B293D8F90003138A3 /* Debug */ = {
			isa = XCBuildConfiguration;
			buildSettings = {
				CODE_SIGN_STYLE = Automatic;
				CURRENT_PROJECT_VERSION = 1;
				DEFINES_MODULE = YES;
				DEVELOPMENT_TEAM = 67NJZVUMG3;
				DYLIB_COMPATIBILITY_VERSION = 1;
				DYLIB_CURRENT_VERSION = 1;
				DYLIB_INSTALL_NAME_BASE = "@rpath";
				GENERATE_INFOPLIST_FILE = YES;
				INFOPLIST_KEY_NSHumanReadableCopyright = "";
				INSTALL_PATH = "$(LOCAL_LIBRARY_DIR)/Frameworks";
				LD_RUNPATH_SEARCH_PATHS = (
					"$(inherited)",
					"@executable_path/Frameworks",
					"@loader_path/Frameworks",
				);
				MARKETING_VERSION = 1.0;
				PRODUCT_BUNDLE_IDENTIFIER = "me.toshi-sv.DataModule";
				PRODUCT_NAME = "$(TARGET_NAME:c99extidentifier)";
				SKIP_INSTALL = YES;
				SWIFT_EMIT_LOC_STRINGS = YES;
				SWIFT_VERSION = 5.0;
				TARGETED_DEVICE_FAMILY = "1,2";
				VERSIONING_SYSTEM = "apple-generic";
				VERSION_INFO_PREFIX = "";
			};
			name = Debug;
		};
		4875F89C293D8F90003138A3 /* Release */ = {
			isa = XCBuildConfiguration;
			buildSettings = {
				CODE_SIGN_STYLE = Automatic;
				CURRENT_PROJECT_VERSION = 1;
				DEFINES_MODULE = YES;
				DEVELOPMENT_TEAM = 67NJZVUMG3;
				DYLIB_COMPATIBILITY_VERSION = 1;
				DYLIB_CURRENT_VERSION = 1;
				DYLIB_INSTALL_NAME_BASE = "@rpath";
				GENERATE_INFOPLIST_FILE = YES;
				INFOPLIST_KEY_NSHumanReadableCopyright = "";
				INSTALL_PATH = "$(LOCAL_LIBRARY_DIR)/Frameworks";
				LD_RUNPATH_SEARCH_PATHS = (
					"$(inherited)",
					"@executable_path/Frameworks",
					"@loader_path/Frameworks",
				);
				MARKETING_VERSION = 1.0;
				PRODUCT_BUNDLE_IDENTIFIER = "me.toshi-sv.DataModule";
				PRODUCT_NAME = "$(TARGET_NAME:c99extidentifier)";
				SKIP_INSTALL = YES;
				SWIFT_EMIT_LOC_STRINGS = YES;
				SWIFT_VERSION = 5.0;
				TARGETED_DEVICE_FAMILY = "1,2";
				VERSIONING_SYSTEM = "apple-generic";
				VERSION_INFO_PREFIX = "";
			};
			name = Release;
		};
/* End XCBuildConfiguration section */

/* Begin XCConfigurationList section */
		48627A8229379EBA00F37BEB /* Build configuration list for PBXProject "ActivityKitExample" */ = {
			isa = XCConfigurationList;
			buildConfigurations = (
				48627A9929379EBB00F37BEB /* Debug */,
				48627A9A29379EBB00F37BEB /* Release */,
			);
			defaultConfigurationIsVisible = 0;
			defaultConfigurationName = Release;
		};
		48627A9B29379EBB00F37BEB /* Build configuration list for PBXNativeTarget "ActivityKitExample" */ = {
			isa = XCConfigurationList;
			buildConfigurations = (
				48627A9C29379EBB00F37BEB /* Debug */,
				48627A9D29379EBB00F37BEB /* Release */,
			);
			defaultConfigurationIsVisible = 0;
			defaultConfigurationName = Release;
		};
		48627AB82937A6EE00F37BEB /* Build configuration list for PBXNativeTarget "MyWidgetExtension" */ = {
			isa = XCConfigurationList;
			buildConfigurations = (
				48627AB92937A6EE00F37BEB /* Debug */,
				48627ABA2937A6EE00F37BEB /* Release */,
			);
			defaultConfigurationIsVisible = 0;
			defaultConfigurationName = Release;
		};
		4875F89A293D8F90003138A3 /* Build configuration list for PBXNativeTarget "DataModule" */ = {
			isa = XCConfigurationList;
			buildConfigurations = (
				4875F89B293D8F90003138A3 /* Debug */,
				4875F89C293D8F90003138A3 /* Release */,
			);
			defaultConfigurationIsVisible = 0;
			defaultConfigurationName = Release;
		};
/* End XCConfigurationList section */

/* Begin XCRemoteSwiftPackageReference section */
		4875F8A1293DAD1C003138A3 /* XCRemoteSwiftPackageReference "ImageCroppingKit" */ = {
			isa = XCRemoteSwiftPackageReference;
			repositoryURL = "https://github.com/branch10480/ImageCroppingKit";
			requirement = {
				kind = upToNextMajorVersion;
				minimumVersion = 0.2.6;
			};
		};
/* End XCRemoteSwiftPackageReference section */

/* Begin XCSwiftPackageProductDependency section */
		4875F8A2293DAD1C003138A3 /* ImageCroppingKit */ = {
			isa = XCSwiftPackageProductDependency;
			package = 4875F8A1293DAD1C003138A3 /* XCRemoteSwiftPackageReference "ImageCroppingKit" */;
			productName = ImageCroppingKit;
		};
/* End XCSwiftPackageProductDependency section */
	};
	rootObject = 48627A7F29379EBA00F37BEB /* Project object */;
}
